
Microsoft Visual Studio Solution File, Format Version 12.00
# Visual Studio Version 17
VisualStudioVersion = 17.2.32630.192
MinimumVisualStudioVersion = 10.0.40219.1
Project("{8BC9CEB8-8B4A-11D0-8D11-00A0C91BC942}") = "lualib", "lualib\lualib.vcxproj", "{7A0CA345-E081-4D76-8BBD-3F0FC5D007F6}"
EndProject
Project("{8BC9CEB8-8B4A-11D0-8D11-00A0C91BC942}") = "lua", "lua\lua.vcxproj", "{FAF31E92-E7E8-4B57-9A4A-4B812A01E4AA}"
EndProject
Project("{8BC9CEB8-8B4A-11D0-8D11-00A0C91BC942}") = "luac", "luac\luac.vcxproj", "{0A25C97F-4B96-412F-86F4-3F6E8F8BB4EC}"
EndProject
Project("{8BC9CEB8-8B4A-11D0-8D11-00A0C91BC942}") = "lualib(dyna)", "lualib(dyna)\lualib(dyna).vcxproj", "{FFB6C4A4-0350-4CE7-855E-A0F2C14FD61A}"
EndProject
Global
	GlobalSection(SolutionConfigurationPlatforms) = preSolution
		Debug|x64 = Debug|x64
		Debug|x86 = Debug|x86
		Release|x64 = Release|x64
		Release|x86 = Release|x86
	EndGlobalSection
	GlobalSection(ProjectConfigurationPlatforms) = postSolution
		{7A0CA345-E081-4D76-8BBD-3F0FC5D007F6}.Debug|x64.ActiveCfg = Debug|x64
		{7A0CA345-E081-4D76-8BBD-3F0FC5D007F6}.Debug|x64.Build.0 = Debug|x64
		{7A0CA345-E081-4D76-8BBD-3F0FC5D007F6}.Debug|x86.ActiveCfg = Debug|Win32
		{7A0CA345-E081-4D76-8BBD-3F0FC5D007F6}.Debug|x86.Build.0 = Debug|Win32
		{7A0CA345-E081-4D76-8BBD-3F0FC5D007F6}.Release|x64.ActiveCfg = Release|x64
		{7A0CA345-E081-4D76-8BBD-3F0FC5D007F6}.Release|x64.Build.0 = Release|x64
		{7A0CA345-E081-4D76-8BBD-3F0FC5D007F6}.Release|x86.ActiveCfg = Release|Win32
		{7A0CA345-E081-4D76-8BBD-3F0FC5D007F6}.Release|x86.Build.0 = Release|Win32
		{FAF31E92-E7E8-4B57-9A4A-4B812A01E4AA}.Debug|x64.ActiveCfg = Debug|x64
		{FAF31E92-E7E8-4B57-9A4A-4B812A01E4AA}.Debug|x64.Build.0 = Debug|x64
		{FAF31E92-E7E8-4B57-9A4A-4B812A01E4AA}.Debug|x86.ActiveCfg = Debug|Win32
		{FAF31E92-E7E8-4B57-9A4A-4B812A01E4AA}.Debug|x86.Build.0 = Debug|Win32
		{FAF31E92-E7E8-4B57-9A4A-4B812A01E4AA}.Release|x64.ActiveCfg = Release|x64
		{FAF31E92-E7E8-4B57-9A4A-4B812A01E4AA}.Release|x64.Build.0 = Release|x64
		{FAF31E92-E7E8-4B57-9A4A-4B812A01E4AA}.Release|x86.ActiveCfg = Release|Win32
		{FAF31E92-E7E8-4B57-9A4A-4B812A01E4AA}.Release|x86.Build.0 = Release|Win32
		{0A25C97F-4B96-412F-86F4-3F6E8F8BB4EC}.Debug|x64.ActiveCfg = Debug|x64
		{0A25C97F-4B96-412F-86F4-3F6E8F8BB4EC}.Debug|x64.Build.0 = Debug|x64
		{0A25C97F-4B96-412F-86F4-3F6E8F8BB4EC}.Debug|x86.ActiveCfg = Debug|Win32
		{0A25C97F-4B96-412F-86F4-3F6E8F8BB4EC}.Debug|x86.Build.0 = Debug|Win32
		{0A25C97F-4B96-412F-86F4-3F6E8F8BB4EC}.Release|x64.ActiveCfg = Release|x64
		{0A25C97F-4B96-412F-86F4-3F6E8F8BB4EC}.Release|x64.Build.0 = Release|x64
		{0A25C97F-4B96-412F-86F4-3F6E8F8BB4EC}.Release|x86.ActiveCfg = Release|Win32
		{0A25C97F-4B96-412F-86F4-3F6E8F8BB4EC}.Release|x86.Build.0 = Release|Win32
		{FFB6C4A4-0350-4CE7-855E-A0F2C14FD61A}.Debug|x64.ActiveCfg = Debug|x64
		{FFB6C4A4-0350-4CE7-855E-A0F2C14FD61A}.Debug|x64.Build.0 = Debug|x64
		{FFB6C4A4-0350-4CE7-855E-A0F2C14FD61A}.Debug|x86.ActiveCfg = Debug|Win32
		{FFB6C4A4-0350-4CE7-855E-A0F2C14FD61A}.Debug|x86.Build.0 = Debug|Win32
		{FFB6C4A4-0350-4CE7-855E-A0F2C14FD61A}.Release|x64.ActiveCfg = Release|x64
		{FFB6C4A4-0350-4CE7-855E-A0F2C14FD61A}.Release|x64.Build.0 = Release|x64
		{FFB6C4A4-0350-4CE7-855E-A0F2C14FD61A}.Release|x86.ActiveCfg = Release|Win32
		{FFB6C4A4-0350-4CE7-855E-A0F2C14FD61A}.Release|x86.Build.0 = Release|Win32
	EndGlobalSection
	GlobalSection(SolutionProperties) = preSolution
		HideSolutionNode = FALSE
	EndGlobalSection
	GlobalSection(ExtensibilityGlobals) = postSolution
		SolutionGuid = {1A978788-A0ED-444D-83B6-5D331D72EF49}
	EndGlobalSection
EndGlobal
